{
  "lockfileVersion": 1,
  "workspaces": {
    "": {
      "name": "vue3",
      "dependencies": {
        "axios": "^1.12.2",
        "vue": "^3.5.21",
      },
      "devDependencies": {
        "@vitejs/plugin-vue": "^6.0.1",
        "@vue/tsconfig": "^0.8.1",
        "typescript": "~5.8.3",
        "vite": "^7.1.7",
        "vue-tsc": "^3.0.7",
      },
    },
  },
  "packages": {
    "@babel/helper-string-parser": ["@babel/helper-string-parser@7.27.1", "", {}, "sha512-qMlSxKbpRlAridDExk92nSobyDdpPijUq2DW6oDnUqd0iOGxmQjyqhMIihI9+zv4LPyZdRje2cavWPbCbWm3eA=="],

    "@babel/helper-validator-identifier": ["@babel/helper-validator-identifier@7.27.1", "", {}, "sha512-D2hP9eA+Sqx1kBZgzxZh0y1trbuU+JoDkiEwqhQ36nodYqJwyEIhPSdMNd7lOm/4io72luTPWH20Yda0xOuUow=="],

    "@babel/parser": ["@babel/parser@7.28.4", "", { "dependencies": { "@babel/types": "^7.28.4" }, "bin": "./bin/babel-parser.js" }, "sha512-yZbBqeM6TkpP9du/I2pUZnJsRMGGvOuIrhjzC1AwHwW+6he4mni6Bp/m8ijn0iOuZuPI2BfkCoSRunpyjnrQKg=="],

    "@babel/types": ["@babel/types@7.28.4", "", { "dependencies": { "@babel/helper-string-parser": "^7.27.1", "@babel/helper-validator-identifier": "^7.27.1" } }, "sha512-bkFqkLhh3pMBUQQkpVgWDWq/lqzc2678eUyDlTBhRqhCHFguYYGM0Efga7tYk4TogG/3x0EEl66/OQ+WGbWB/Q=="],

    "@esbuild/aix-ppc64": ["@esbuild/aix-ppc64@0.25.10", "", { "os": "aix", "cpu": "ppc64" }, "sha512-0NFWnA+7l41irNuaSVlLfgNT12caWJVLzp5eAVhZ0z1qpxbockccEt3s+149rE64VUI3Ml2zt8Nv5JVc4QXTsw=="],

    "@esbuild/android-arm": ["@esbuild/android-arm@0.25.10", "", { "os": "android", "cpu": "arm" }, "sha512-dQAxF1dW1C3zpeCDc5KqIYuZ1tgAdRXNoZP7vkBIRtKZPYe2xVr/d3SkirklCHudW1B45tGiUlz2pUWDfbDD4w=="],

    "@esbuild/android-arm64": ["@esbuild/android-arm64@0.25.10", "", { "os": "android", "cpu": "arm64" }, "sha512-LSQa7eDahypv/VO6WKohZGPSJDq5OVOo3UoFR1E4t4Gj1W7zEQMUhI+lo81H+DtB+kP+tDgBp+M4oNCwp6kffg=="],

    "@esbuild/android-x64": ["@esbuild/android-x64@0.25.10", "", { "os": "android", "cpu": "x64" }, "sha512-MiC9CWdPrfhibcXwr39p9ha1x0lZJ9KaVfvzA0Wxwz9ETX4v5CHfF09bx935nHlhi+MxhA63dKRRQLiVgSUtEg=="],

    "@esbuild/darwin-arm64": ["@esbuild/darwin-arm64@0.25.10", "", { "os": "darwin", "cpu": "arm64" }, "sha512-JC74bdXcQEpW9KkV326WpZZjLguSZ3DfS8wrrvPMHgQOIEIG/sPXEN/V8IssoJhbefLRcRqw6RQH2NnpdprtMA=="],

    "@esbuild/darwin-x64": ["@esbuild/darwin-x64@0.25.10", "", { "os": "darwin", "cpu": "x64" }, "sha512-tguWg1olF6DGqzws97pKZ8G2L7Ig1vjDmGTwcTuYHbuU6TTjJe5FXbgs5C1BBzHbJ2bo1m3WkQDbWO2PvamRcg=="],

    "@esbuild/freebsd-arm64": ["@esbuild/freebsd-arm64@0.25.10", "", { "os": "freebsd", "cpu": "arm64" }, "sha512-3ZioSQSg1HT2N05YxeJWYR+Libe3bREVSdWhEEgExWaDtyFbbXWb49QgPvFH8u03vUPX10JhJPcz7s9t9+boWg=="],

    "@esbuild/freebsd-x64": ["@esbuild/freebsd-x64@0.25.10", "", { "os": "freebsd", "cpu": "x64" }, "sha512-LLgJfHJk014Aa4anGDbh8bmI5Lk+QidDmGzuC2D+vP7mv/GeSN+H39zOf7pN5N8p059FcOfs2bVlrRr4SK9WxA=="],

    "@esbuild/linux-arm": ["@esbuild/linux-arm@0.25.10", "", { "os": "linux", "cpu": "arm" }, "sha512-oR31GtBTFYCqEBALI9r6WxoU/ZofZl962pouZRTEYECvNF/dtXKku8YXcJkhgK/beU+zedXfIzHijSRapJY3vg=="],

    "@esbuild/linux-arm64": ["@esbuild/linux-arm64@0.25.10", "", { "os": "linux", "cpu": "arm64" }, "sha512-5luJWN6YKBsawd5f9i4+c+geYiVEw20FVW5x0v1kEMWNq8UctFjDiMATBxLvmmHA4bf7F6hTRaJgtghFr9iziQ=="],

    "@esbuild/linux-ia32": ["@esbuild/linux-ia32@0.25.10", "", { "os": "linux", "cpu": "ia32" }, "sha512-NrSCx2Kim3EnnWgS4Txn0QGt0Xipoumb6z6sUtl5bOEZIVKhzfyp/Lyw4C1DIYvzeW/5mWYPBFJU3a/8Yr75DQ=="],

    "@esbuild/linux-loong64": ["@esbuild/linux-loong64@0.25.10", "", { "os": "linux", "cpu": "none" }, "sha512-xoSphrd4AZda8+rUDDfD9J6FUMjrkTz8itpTITM4/xgerAZZcFW7Dv+sun7333IfKxGG8gAq+3NbfEMJfiY+Eg=="],

    "@esbuild/linux-mips64el": ["@esbuild/linux-mips64el@0.25.10", "", { "os": "linux", "cpu": "none" }, "sha512-ab6eiuCwoMmYDyTnyptoKkVS3k8fy/1Uvq7Dj5czXI6DF2GqD2ToInBI0SHOp5/X1BdZ26RKc5+qjQNGRBelRA=="],

    "@esbuild/linux-ppc64": ["@esbuild/linux-ppc64@0.25.10", "", { "os": "linux", "cpu": "ppc64" }, "sha512-NLinzzOgZQsGpsTkEbdJTCanwA5/wozN9dSgEl12haXJBzMTpssebuXR42bthOF3z7zXFWH1AmvWunUCkBE4EA=="],

    "@esbuild/linux-riscv64": ["@esbuild/linux-riscv64@0.25.10", "", { "os": "linux", "cpu": "none" }, "sha512-FE557XdZDrtX8NMIeA8LBJX3dC2M8VGXwfrQWU7LB5SLOajfJIxmSdyL/gU1m64Zs9CBKvm4UAuBp5aJ8OgnrA=="],

    "@esbuild/linux-s390x": ["@esbuild/linux-s390x@0.25.10", "", { "os": "linux", "cpu": "s390x" }, "sha512-3BBSbgzuB9ajLoVZk0mGu+EHlBwkusRmeNYdqmznmMc9zGASFjSsxgkNsqmXugpPk00gJ0JNKh/97nxmjctdew=="],

    "@esbuild/linux-x64": ["@esbuild/linux-x64@0.25.10", "", { "os": "linux", "cpu": "x64" }, "sha512-QSX81KhFoZGwenVyPoberggdW1nrQZSvfVDAIUXr3WqLRZGZqWk/P4T8p2SP+de2Sr5HPcvjhcJzEiulKgnxtA=="],

    "@esbuild/netbsd-arm64": ["@esbuild/netbsd-arm64@0.25.10", "", { "os": "none", "cpu": "arm64" }, "sha512-AKQM3gfYfSW8XRk8DdMCzaLUFB15dTrZfnX8WXQoOUpUBQ+NaAFCP1kPS/ykbbGYz7rxn0WS48/81l9hFl3u4A=="],

    "@esbuild/netbsd-x64": ["@esbuild/netbsd-x64@0.25.10", "", { "os": "none", "cpu": "x64" }, "sha512-7RTytDPGU6fek/hWuN9qQpeGPBZFfB4zZgcz2VK2Z5VpdUxEI8JKYsg3JfO0n/Z1E/6l05n0unDCNc4HnhQGig=="],

    "@esbuild/openbsd-arm64": ["@esbuild/openbsd-arm64@0.25.10", "", { "os": "openbsd", "cpu": "arm64" }, "sha512-5Se0VM9Wtq797YFn+dLimf2Zx6McttsH2olUBsDml+lm0GOCRVebRWUvDtkY4BWYv/3NgzS8b/UM3jQNh5hYyw=="],

    "@esbuild/openbsd-x64": ["@esbuild/openbsd-x64@0.25.10", "", { "os": "openbsd", "cpu": "x64" }, "sha512-XkA4frq1TLj4bEMB+2HnI0+4RnjbuGZfet2gs/LNs5Hc7D89ZQBHQ0gL2ND6Lzu1+QVkjp3x1gIcPKzRNP8bXw=="],

    "@esbuild/openharmony-arm64": ["@esbuild/openharmony-arm64@0.25.10", "", { "os": "none", "cpu": "arm64" }, "sha512-AVTSBhTX8Y/Fz6OmIVBip9tJzZEUcY8WLh7I59+upa5/GPhh2/aM6bvOMQySspnCCHvFi79kMtdJS1w0DXAeag=="],

    "@esbuild/sunos-x64": ["@esbuild/sunos-x64@0.25.10", "", { "os": "sunos", "cpu": "x64" }, "sha512-fswk3XT0Uf2pGJmOpDB7yknqhVkJQkAQOcW/ccVOtfx05LkbWOaRAtn5SaqXypeKQra1QaEa841PgrSL9ubSPQ=="],

    "@esbuild/win32-arm64": ["@esbuild/win32-arm64@0.25.10", "", { "os": "win32", "cpu": "arm64" }, "sha512-ah+9b59KDTSfpaCg6VdJoOQvKjI33nTaQr4UluQwW7aEwZQsbMCfTmfEO4VyewOxx4RaDT/xCy9ra2GPWmO7Kw=="],

    "@esbuild/win32-ia32": ["@esbuild/win32-ia32@0.25.10", "", { "os": "win32", "cpu": "ia32" }, "sha512-QHPDbKkrGO8/cz9LKVnJU22HOi4pxZnZhhA2HYHez5Pz4JeffhDjf85E57Oyco163GnzNCVkZK0b/n4Y0UHcSw=="],

    "@esbuild/win32-x64": ["@esbuild/win32-x64@0.25.10", "", { "os": "win32", "cpu": "x64" }, "sha512-9KpxSVFCu0iK1owoez6aC/s/EdUQLDN3adTxGCqxMVhrPDj6bt5dbrHDXUuq+Bs2vATFBBrQS5vdQ/Ed2P+nbw=="],

    "@jridgewell/sourcemap-codec": ["@jridgewell/sourcemap-codec@1.5.5", "", {}, "sha512-cYQ9310grqxueWbl+WuIUIaiUaDcj7WOq5fVhEljNVgRfOUhY9fy2zTvfoqWsnebh8Sl70VScFbICvJnLKB0Og=="],

    "@rolldown/pluginutils": ["@rolldown/pluginutils@1.0.0-beta.29", "", {}, "sha512-NIJgOsMjbxAXvoGq/X0gD7VPMQ8j9g0BiDaNjVNVjvl+iKXxL3Jre0v31RmBYeLEmkbj2s02v8vFTbUXi5XS2Q=="],

    "@rollup/rollup-android-arm-eabi": ["@rollup/rollup-android-arm-eabi@4.52.0", "", { "os": "android", "cpu": "arm" }, "sha512-VxDYCDqOaR7NXzAtvRx7G1u54d2kEHopb28YH/pKzY6y0qmogP3gG7CSiWsq9WvDFxOQMpNEyjVAHZFXfH3o/A=="],

    "@rollup/rollup-android-arm64": ["@rollup/rollup-android-arm64@4.52.0", "", { "os": "android", "cpu": "arm64" }, "sha512-pqDirm8koABIKvzL59YI9W9DWbRlTX7RWhN+auR8HXJxo89m4mjqbah7nJZjeKNTNYopqL+yGg+0mhCpf3xZtQ=="],

    "@rollup/rollup-darwin-arm64": ["@rollup/rollup-darwin-arm64@4.52.0", "", { "os": "darwin", "cpu": "arm64" }, "sha512-YCdWlY/8ltN6H78HnMsRHYlPiKvqKagBP1r+D7SSylxX+HnsgXGCmLiV3Y4nSyY9hW8qr8U9LDUx/Lo7M6MfmQ=="],

    "@rollup/rollup-darwin-x64": ["@rollup/rollup-darwin-x64@4.52.0", "", { "os": "darwin", "cpu": "x64" }, "sha512-z4nw6y1j+OOSGzuVbSWdIp1IUks9qNw4dc7z7lWuWDKojY38VMWBlEN7F9jk5UXOkUcp97vA1N213DF+Lz8BRg=="],

    "@rollup/rollup-freebsd-arm64": ["@rollup/rollup-freebsd-arm64@4.52.0", "", { "os": "freebsd", "cpu": "arm64" }, "sha512-Q/dv9Yvyr5rKlK8WQJZVrp5g2SOYeZUs9u/t2f9cQ2E0gJjYB/BWoedXfUT0EcDJefi2zzVfhcOj8drWCzTviw=="],

    "@rollup/rollup-freebsd-x64": ["@rollup/rollup-freebsd-x64@4.52.0", "", { "os": "freebsd", "cpu": "x64" }, "sha512-kdBsLs4Uile/fbjZVvCRcKB4q64R+1mUq0Yd7oU1CMm1Av336ajIFqNFovByipciuUQjBCPMxwJhCgfG2re3rg=="],

    "@rollup/rollup-linux-arm-gnueabihf": ["@rollup/rollup-linux-arm-gnueabihf@4.52.0", "", { "os": "linux", "cpu": "arm" }, "sha512-aL6hRwu0k7MTUESgkg7QHY6CoqPgr6gdQXRJI1/VbFlUMwsSzPGSR7sG5d+MCbYnJmJwThc2ol3nixj1fvI/zQ=="],

    "@rollup/rollup-linux-arm-musleabihf": ["@rollup/rollup-linux-arm-musleabihf@4.52.0", "", { "os": "linux", "cpu": "arm" }, "sha512-BTs0M5s1EJejgIBJhCeiFo7GZZ2IXWkFGcyZhxX4+8usnIo5Mti57108vjXFIQmmJaRyDwmV59Tw64Ap1dkwMw=="],

    "@rollup/rollup-linux-arm64-gnu": ["@rollup/rollup-linux-arm64-gnu@4.52.0", "", { "os": "linux", "cpu": "arm64" }, "sha512-uj672IVOU9m08DBGvoPKPi/J8jlVgjh12C9GmjjBxCTQc3XtVmRkRKyeHSmIKQpvJ7fIm1EJieBUcnGSzDVFyw=="],

    "@rollup/rollup-linux-arm64-musl": ["@rollup/rollup-linux-arm64-musl@4.52.0", "", { "os": "linux", "cpu": "arm64" }, "sha512-/+IVbeDMDCtB/HP/wiWsSzduD10SEGzIZX2945KSgZRNi4TSkjHqRJtNTVtVb8IRwhJ65ssI56krlLik+zFWkw=="],

    "@rollup/rollup-linux-loong64-gnu": ["@rollup/rollup-linux-loong64-gnu@4.52.0", "", { "os": "linux", "cpu": "none" }, "sha512-U1vVzvSWtSMWKKrGoROPBXMh3Vwn93TA9V35PldokHGqiUbF6erSzox/5qrSMKp6SzakvyjcPiVF8yB1xKr9Pg=="],

    "@rollup/rollup-linux-ppc64-gnu": ["@rollup/rollup-linux-ppc64-gnu@4.52.0", "", { "os": "linux", "cpu": "ppc64" }, "sha512-X/4WfuBAdQRH8cK3DYl8zC00XEE6aM472W+QCycpQJeLWVnHfkv7RyBFVaTqNUMsTgIX8ihMjCvFF9OUgeABzw=="],

    "@rollup/rollup-linux-riscv64-gnu": ["@rollup/rollup-linux-riscv64-gnu@4.52.0", "", { "os": "linux", "cpu": "none" }, "sha512-xIRYc58HfWDBZoLmWfWXg2Sq8VCa2iJ32B7mqfWnkx5mekekl0tMe7FHpY8I72RXEcUkaWawRvl3qA55og+cwQ=="],

    "@rollup/rollup-linux-riscv64-musl": ["@rollup/rollup-linux-riscv64-musl@4.52.0", "", { "os": "linux", "cpu": "none" }, "sha512-mbsoUey05WJIOz8U1WzNdf+6UMYGwE3fZZnQqsM22FZ3wh1N887HT6jAOjXs6CNEK3Ntu2OBsyQDXfIjouI4dw=="],

    "@rollup/rollup-linux-s390x-gnu": ["@rollup/rollup-linux-s390x-gnu@4.52.0", "", { "os": "linux", "cpu": "s390x" }, "sha512-qP6aP970bucEi5KKKR4AuPFd8aTx9EF6BvutvYxmZuWLJHmnq4LvBfp0U+yFDMGwJ+AIJEH5sIP+SNypauMWzg=="],

    "@rollup/rollup-linux-x64-gnu": ["@rollup/rollup-linux-x64-gnu@4.52.0", "", { "os": "linux", "cpu": "x64" }, "sha512-nmSVN+F2i1yKZ7rJNKO3G7ZzmxJgoQBQZ/6c4MuS553Grmr7WqR7LLDcYG53Z2m9409z3JLt4sCOhLdbKQ3HmA=="],

    "@rollup/rollup-linux-x64-musl": ["@rollup/rollup-linux-x64-musl@4.52.0", "", { "os": "linux", "cpu": "x64" }, "sha512-2d0qRo33G6TfQVjaMR71P+yJVGODrt5V6+T0BDYH4EMfGgdC/2HWDVjSSFw888GSzAZUwuska3+zxNUCDco6rQ=="],

    "@rollup/rollup-openharmony-arm64": ["@rollup/rollup-openharmony-arm64@4.52.0", "", { "os": "none", "cpu": "arm64" }, "sha512-A1JalX4MOaFAAyGgpO7XP5khquv/7xKzLIyLmhNrbiCxWpMlnsTYr8dnsWM7sEeotNmxvSOEL7F65j0HXFcFsw=="],

    "@rollup/rollup-win32-arm64-msvc": ["@rollup/rollup-win32-arm64-msvc@4.52.0", "", { "os": "win32", "cpu": "arm64" }, "sha512-YQugafP/rH0eOOHGjmNgDURrpYHrIX0yuojOI8bwCyXwxC9ZdTd3vYkmddPX0oHONLXu9Rb1dDmT0VNpjkzGGw=="],

    "@rollup/rollup-win32-ia32-msvc": ["@rollup/rollup-win32-ia32-msvc@4.52.0", "", { "os": "win32", "cpu": "ia32" }, "sha512-zYdUYhi3Qe2fndujBqL5FjAFzvNeLxtIqfzNEVKD1I7C37/chv1VxhscWSQHTNfjPCrBFQMnynwA3kpZpZ8w4A=="],

    "@rollup/rollup-win32-x64-gnu": ["@rollup/rollup-win32-x64-gnu@4.52.0", "", { "os": "win32", "cpu": "x64" }, "sha512-fGk03kQylNaCOQ96HDMeT7E2n91EqvCDd3RwvT5k+xNdFCeMGnj5b5hEgTGrQuyidqSsD3zJDQ21QIaxXqTBJw=="],

    "@rollup/rollup-win32-x64-msvc": ["@rollup/rollup-win32-x64-msvc@4.52.0", "", { "os": "win32", "cpu": "x64" }, "sha512-6iKDCVSIUQ8jPMoIV0OytRKniaYyy5EbY/RRydmLW8ZR3cEBhxbWl5ro0rkUNe0ef6sScvhbY79HrjRm8i3vDQ=="],

    "@types/estree": ["@types/estree@1.0.8", "", {}, "sha512-dWHzHa2WqEXI/O1E9OjrocMTKJl2mSrEolh1Iomrv6U+JuNwaHXsXx9bLu5gG7BUWFIN0skIQJQ/L1rIex4X6w=="],

    "@vitejs/plugin-vue": ["@vitejs/plugin-vue@6.0.1", "", { "dependencies": { "@rolldown/pluginutils": "1.0.0-beta.29" }, "peerDependencies": { "vite": "^5.0.0 || ^6.0.0 || ^7.0.0", "vue": "^3.2.25" } }, "sha512-+MaE752hU0wfPFJEUAIxqw18+20euHHdxVtMvbFcOEpjEyfqXH/5DCoTHiVJ0J29EhTJdoTkjEv5YBKU9dnoTw=="],

    "@volar/language-core": ["@volar/language-core@2.4.23", "", { "dependencies": { "@volar/source-map": "2.4.23" } }, "sha512-hEEd5ET/oSmBC6pi1j6NaNYRWoAiDhINbT8rmwtINugR39loROSlufGdYMF9TaKGfz+ViGs1Idi3mAhnuPcoGQ=="],

    "@volar/source-map": ["@volar/source-map@2.4.23", "", {}, "sha512-Z1Uc8IB57Lm6k7q6KIDu/p+JWtf3xsXJqAX/5r18hYOTpJyBn0KXUR8oTJ4WFYOcDzWC9n3IflGgHowx6U6z9Q=="],

    "@volar/typescript": ["@volar/typescript@2.4.23", "", { "dependencies": { "@volar/language-core": "2.4.23", "path-browserify": "^1.0.1", "vscode-uri": "^3.0.8" } }, "sha512-lAB5zJghWxVPqfcStmAP1ZqQacMpe90UrP5RJ3arDyrhy4aCUQqmxPPLB2PWDKugvylmO41ljK7vZ+t6INMTag=="],

    "@vue/compiler-core": ["@vue/compiler-core@3.5.21", "", { "dependencies": { "@babel/parser": "^7.28.3", "@vue/shared": "3.5.21", "entities": "^4.5.0", "estree-walker": "^2.0.2", "source-map-js": "^1.2.1" } }, "sha512-8i+LZ0vf6ZgII5Z9XmUvrCyEzocvWT+TeR2VBUVlzIH6Tyv57E20mPZ1bCS+tbejgUgmjrEh7q/0F0bibskAmw=="],

    "@vue/compiler-dom": ["@vue/compiler-dom@3.5.21", "", { "dependencies": { "@vue/compiler-core": "3.5.21", "@vue/shared": "3.5.21" } }, "sha512-jNtbu/u97wiyEBJlJ9kmdw7tAr5Vy0Aj5CgQmo+6pxWNQhXZDPsRr1UWPN4v3Zf82s2H3kF51IbzZ4jMWAgPlQ=="],

    "@vue/compiler-sfc": ["@vue/compiler-sfc@3.5.21", "", { "dependencies": { "@babel/parser": "^7.28.3", "@vue/compiler-core": "3.5.21", "@vue/compiler-dom": "3.5.21", "@vue/compiler-ssr": "3.5.21", "@vue/shared": "3.5.21", "estree-walker": "^2.0.2", "magic-string": "^0.30.18", "postcss": "^8.5.6", "source-map-js": "^1.2.1" } }, "sha512-SXlyk6I5eUGBd2v8Ie7tF6ADHE9kCR6mBEuPyH1nUZ0h6Xx6nZI29i12sJKQmzbDyr2tUHMhhTt51Z6blbkTTQ=="],

    "@vue/compiler-ssr": ["@vue/compiler-ssr@3.5.21", "", { "dependencies": { "@vue/compiler-dom": "3.5.21", "@vue/shared": "3.5.21" } }, "sha512-vKQ5olH5edFZdf5ZrlEgSO1j1DMA4u23TVK5XR1uMhvwnYvVdDF0nHXJUblL/GvzlShQbjhZZ2uvYmDlAbgo9w=="],

    "@vue/compiler-vue2": ["@vue/compiler-vue2@2.7.16", "", { "dependencies": { "de-indent": "^1.0.2", "he": "^1.2.0" } }, "sha512-qYC3Psj9S/mfu9uVi5WvNZIzq+xnXMhOwbTFKKDD7b1lhpnn71jXSFdTQ+WsIEk0ONCd7VV2IMm7ONl6tbQ86A=="],

    "@vue/language-core": ["@vue/language-core@3.0.8", "", { "dependencies": { "@volar/language-core": "2.4.23", "@vue/compiler-dom": "^3.5.0", "@vue/compiler-vue2": "^2.7.16", "@vue/shared": "^3.5.0", "alien-signals": "^2.0.5", "muggle-string": "^0.4.1", "path-browserify": "^1.0.1", "picomatch": "^4.0.2" }, "peerDependencies": { "typescript": "*" }, "optionalPeers": ["typescript"] }, "sha512-eYs6PF7bxoPYvek9qxceo1BCwFbJZYqJll+WaYC8o8ec60exqj+n+QRGGiJHSeUfYp0hDxARbMdxMq/fbPgU5g=="],

    "@vue/reactivity": ["@vue/reactivity@3.5.21", "", { "dependencies": { "@vue/shared": "3.5.21" } }, "sha512-3ah7sa+Cwr9iiYEERt9JfZKPw4A2UlbY8RbbnH2mGCE8NwHkhmlZt2VsH0oDA3P08X3jJd29ohBDtX+TbD9AsA=="],

    "@vue/runtime-core": ["@vue/runtime-core@3.5.21", "", { "dependencies": { "@vue/reactivity": "3.5.21", "@vue/shared": "3.5.21" } }, "sha512-+DplQlRS4MXfIf9gfD1BOJpk5RSyGgGXD/R+cumhe8jdjUcq/qlxDawQlSI8hCKupBlvM+3eS1se5xW+SuNAwA=="],

    "@vue/runtime-dom": ["@vue/runtime-dom@3.5.21", "", { "dependencies": { "@vue/reactivity": "3.5.21", "@vue/runtime-core": "3.5.21", "@vue/shared": "3.5.21", "csstype": "^3.1.3" } }, "sha512-3M2DZsOFwM5qI15wrMmNF5RJe1+ARijt2HM3TbzBbPSuBHOQpoidE+Pa+XEaVN+czbHf81ETRoG1ltztP2em8w=="],

    "@vue/server-renderer": ["@vue/server-renderer@3.5.21", "", { "dependencies": { "@vue/compiler-ssr": "3.5.21", "@vue/shared": "3.5.21" }, "peerDependencies": { "vue": "3.5.21" } }, "sha512-qr8AqgD3DJPJcGvLcJKQo2tAc8OnXRcfxhOJCPF+fcfn5bBGz7VCcO7t+qETOPxpWK1mgysXvVT/j+xWaHeMWA=="],

    "@vue/shared": ["@vue/shared@3.5.21", "", {}, "sha512-+2k1EQpnYuVuu3N7atWyG3/xoFWIVJZq4Mz8XNOdScFI0etES75fbny/oU4lKWk/577P1zmg0ioYvpGEDZ3DLw=="],

    "@vue/tsconfig": ["@vue/tsconfig@0.8.1", "", { "peerDependencies": { "typescript": "5.x", "vue": "^3.4.0" }, "optionalPeers": ["typescript", "vue"] }, "sha512-aK7feIWPXFSUhsCP9PFqPyFOcz4ENkb8hZ2pneL6m2UjCkccvaOhC/5KCKluuBufvp2KzkbdA2W2pk20vLzu3g=="],

    "alien-signals": ["alien-signals@2.0.7", "", {}, "sha512-wE7y3jmYeb0+h6mr5BOovuqhFv22O/MV9j5p0ndJsa7z1zJNPGQ4ph5pQk/kTTCWRC3xsA4SmtwmkzQO+7NCNg=="],

    "asynckit": ["asynckit@0.4.0", "", {}, "sha512-Oei9OH4tRh0YqU3GxhX79dM/mwVgvbZJaSNaRk+bshkj0S5cfHcgYakreBjrHwatXKbz+IoIdYLxrKim2MjW0Q=="],

    "axios": ["axios@1.12.2", "", { "dependencies": { "follow-redirects": "^1.15.6", "form-data": "^4.0.4", "proxy-from-env": "^1.1.0" } }, "sha512-vMJzPewAlRyOgxV2dU0Cuz2O8zzzx9VYtbJOaBgXFeLc4IV/Eg50n4LowmehOOR61S8ZMpc2K5Sa7g6A4jfkUw=="],

    "call-bind-apply-helpers": ["call-bind-apply-helpers@1.0.2", "", { "dependencies": { "es-errors": "^1.3.0", "function-bind": "^1.1.2" } }, "sha512-Sp1ablJ0ivDkSzjcaJdxEunN5/XvksFJ2sMBFfq6x0ryhQV/2b/KwFe21cMpmHtPOSij8K99/wSfoEuTObmuMQ=="],

    "combined-stream": ["combined-stream@1.0.8", "", { "dependencies": { "delayed-stream": "~1.0.0" } }, "sha512-FQN4MRfuJeHf7cBbBMJFXhKSDq+2kAArBlmRBvcvFE5BB1HZKXtSFASDhdlz9zOYwxh8lDdnvmMOe/+5cdoEdg=="],

    "csstype": ["csstype@3.1.3", "", {}, "sha512-M1uQkMl8rQK/szD0LNhtqxIPLpimGm8sOBwU7lLnCpSbTyY3yeU1Vc7l4KT5zT4s/yOxHH5O7tIuuLOCnLADRw=="],

    "de-indent": ["de-indent@1.0.2", "", {}, "sha512-e/1zu3xH5MQryN2zdVaF0OrdNLUbvWxzMbi+iNA6Bky7l1RoP8a2fIbRocyHclXt/arDrrR6lL3TqFD9pMQTsg=="],

    "delayed-stream": ["delayed-stream@1.0.0", "", {}, "sha512-ZySD7Nf91aLB0RxL4KGrKHBXl7Eds1DAmEdcoVawXnLD7SDhpNgtuII2aAkg7a7QS41jxPSZ17p4VdGnMHk3MQ=="],

    "dunder-proto": ["dunder-proto@1.0.1", "", { "dependencies": { "call-bind-apply-helpers": "^1.0.1", "es-errors": "^1.3.0", "gopd": "^1.2.0" } }, "sha512-KIN/nDJBQRcXw0MLVhZE9iQHmG68qAVIBg9CqmUYjmQIhgij9U5MFvrqkUL5FbtyyzZuOeOt0zdeRe4UY7ct+A=="],

    "entities": ["entities@4.5.0", "", {}, "sha512-V0hjH4dGPh9Ao5p0MoRY6BVqtwCjhz6vI5LT8AJ55H+4g9/4vbHx1I54fS0XuclLhDHArPQCiMjDxjaL8fPxhw=="],

    "es-define-property": ["es-define-property@1.0.1", "", {}, "sha512-e3nRfgfUZ4rNGL232gUgX06QNyyez04KdjFrF+LTRoOXmrOgFKDg4BCdsjW8EnT69eqdYGmRpJwiPVYNrCaW3g=="],

    "es-errors": ["es-errors@1.3.0", "", {}, "sha512-Zf5H2Kxt2xjTvbJvP2ZWLEICxA6j+hAmMzIlypy4xcBg1vKVnx89Wy0GbS+kf5cwCVFFzdCFh2XSCFNULS6csw=="],

    "es-object-atoms": ["es-object-atoms@1.1.1", "", { "dependencies": { "es-errors": "^1.3.0" } }, "sha512-FGgH2h8zKNim9ljj7dankFPcICIK9Cp5bm+c2gQSYePhpaG5+esrLODihIorn+Pe6FGJzWhXQotPv73jTaldXA=="],

    "es-set-tostringtag": ["es-set-tostringtag@2.1.0", "", { "dependencies": { "es-errors": "^1.3.0", "get-intrinsic": "^1.2.6", "has-tostringtag": "^1.0.2", "hasown": "^2.0.2" } }, "sha512-j6vWzfrGVfyXxge+O0x5sh6cvxAog0a/4Rdd2K36zCMV5eJ+/+tOAngRO8cODMNWbVRdVlmGZQL2YS3yR8bIUA=="],

    "esbuild": ["esbuild@0.25.10", "", { "optionalDependencies": { "@esbuild/aix-ppc64": "0.25.10", "@esbuild/android-arm": "0.25.10", "@esbuild/android-arm64": "0.25.10", "@esbuild/android-x64": "0.25.10", "@esbuild/darwin-arm64": "0.25.10", "@esbuild/darwin-x64": "0.25.10", "@esbuild/freebsd-arm64": "0.25.10", "@esbuild/freebsd-x64": "0.25.10", "@esbuild/linux-arm": "0.25.10", "@esbuild/linux-arm64": "0.25.10", "@esbuild/linux-ia32": "0.25.10", "@esbuild/linux-loong64": "0.25.10", "@esbuild/linux-mips64el": "0.25.10", "@esbuild/linux-ppc64": "0.25.10", "@esbuild/linux-riscv64": "0.25.10", "@esbuild/linux-s390x": "0.25.10", "@esbuild/linux-x64": "0.25.10", "@esbuild/netbsd-arm64": "0.25.10", "@esbuild/netbsd-x64": "0.25.10", "@esbuild/openbsd-arm64": "0.25.10", "@esbuild/openbsd-x64": "0.25.10", "@esbuild/openharmony-arm64": "0.25.10", "@esbuild/sunos-x64": "0.25.10", "@esbuild/win32-arm64": "0.25.10", "@esbuild/win32-ia32": "0.25.10", "@esbuild/win32-x64": "0.25.10" }, "bin": { "esbuild": "bin/esbuild" } }, "sha512-9RiGKvCwaqxO2owP61uQ4BgNborAQskMR6QusfWzQqv7AZOg5oGehdY2pRJMTKuwxd1IDBP4rSbI5lHzU7SMsQ=="],

    "estree-walker": ["estree-walker@2.0.2", "", {}, "sha512-Rfkk/Mp/DL7JVje3u18FxFujQlTNR2q6QfMSMB7AvCBx91NGj/ba3kCfza0f6dVDbw7YlRf/nDrn7pQrCCyQ/w=="],

    "fdir": ["fdir@6.5.0", "", { "peerDependencies": { "picomatch": "^3 || ^4" }, "optionalPeers": ["picomatch"] }, "sha512-tIbYtZbucOs0BRGqPJkshJUYdL+SDH7dVM8gjy+ERp3WAUjLEFJE+02kanyHtwjWOnwrKYBiwAmM0p4kLJAnXg=="],

    "follow-redirects": ["follow-redirects@1.15.11", "", {}, "sha512-deG2P0JfjrTxl50XGCDyfI97ZGVCxIpfKYmfyrQ54n5FO/0gfIES8C/Psl6kWVDolizcaaxZJnTS0QSMxvnsBQ=="],

    "form-data": ["form-data@4.0.4", "", { "dependencies": { "asynckit": "^0.4.0", "combined-stream": "^1.0.8", "es-set-tostringtag": "^2.1.0", "hasown": "^2.0.2", "mime-types": "^2.1.12" } }, "sha512-KrGhL9Q4zjj0kiUt5OO4Mr/A/jlI2jDYs5eHBpYHPcBEVSiipAvn2Ko2HnPe20rmcuuvMHNdZFp+4IlGTMF0Ow=="],

    "fsevents": ["fsevents@2.3.3", "", { "os": "darwin" }, "sha512-5xoDfX+fL7faATnagmWPpbFtwh/R77WmMMqqHGS65C3vvB0YHrgF+B1YmZ3441tMj5n63k0212XNoJwzlhffQw=="],

    "function-bind": ["function-bind@1.1.2", "", {}, "sha512-7XHNxH7qX9xG5mIwxkhumTox/MIRNcOgDrxWsMt2pAr23WHp6MrRlN7FBSFpCpr+oVO0F744iUgR82nJMfG2SA=="],

    "get-intrinsic": ["get-intrinsic@1.3.0", "", { "dependencies": { "call-bind-apply-helpers": "^1.0.2", "es-define-property": "^1.0.1", "es-errors": "^1.3.0", "es-object-atoms": "^1.1.1", "function-bind": "^1.1.2", "get-proto": "^1.0.1", "gopd": "^1.2.0", "has-symbols": "^1.1.0", "hasown": "^2.0.2", "math-intrinsics": "^1.1.0" } }, "sha512-9fSjSaos/fRIVIp+xSJlE6lfwhES7LNtKaCBIamHsjr2na1BiABJPo0mOjjz8GJDURarmCPGqaiVg5mfjb98CQ=="],

    "get-proto": ["get-proto@1.0.1", "", { "dependencies": { "dunder-proto": "^1.0.1", "es-object-atoms": "^1.0.0" } }, "sha512-sTSfBjoXBp89JvIKIefqw7U2CCebsc74kiY6awiGogKtoSGbgjYE/G/+l9sF3MWFPNc9IcoOC4ODfKHfxFmp0g=="],

    "gopd": ["gopd@1.2.0", "", {}, "sha512-ZUKRh6/kUFoAiTAtTYPZJ3hw9wNxx+BIBOijnlG9PnrJsCcSjs1wyyD6vJpaYtgnzDrKYRSqf3OO6Rfa93xsRg=="],

    "has-symbols": ["has-symbols@1.1.0", "", {}, "sha512-1cDNdwJ2Jaohmb3sg4OmKaMBwuC48sYni5HUw2DvsC8LjGTLK9h+eb1X6RyuOHe4hT0ULCW68iomhjUoKUqlPQ=="],

    "has-tostringtag": ["has-tostringtag@1.0.2", "", { "dependencies": { "has-symbols": "^1.0.3" } }, "sha512-NqADB8VjPFLM2V0VvHUewwwsw0ZWBaIdgo+ieHtK3hasLz4qeCRjYcqfB6AQrBggRKppKF8L52/VqdVsO47Dlw=="],

    "hasown": ["hasown@2.0.2", "", { "dependencies": { "function-bind": "^1.1.2" } }, "sha512-0hJU9SCPvmMzIBdZFqNPXWa6dqh7WdH0cII9y+CyS8rG3nL48Bclra9HmKhVVUHyPWNH5Y7xDwAB7bfgSjkUMQ=="],

    "he": ["he@1.2.0", "", { "bin": { "he": "bin/he" } }, "sha512-F/1DnUGPopORZi0ni+CvrCgHQ5FyEAHRLSApuYWMmrbSwoN2Mn/7k+Gl38gJnR7yyDZk6WLXwiGod1JOWNDKGw=="],

    "magic-string": ["magic-string@0.30.19", "", { "dependencies": { "@jridgewell/sourcemap-codec": "^1.5.5" } }, "sha512-2N21sPY9Ws53PZvsEpVtNuSW+ScYbQdp4b9qUaL+9QkHUrGFKo56Lg9Emg5s9V/qrtNBmiR01sYhUOwu3H+VOw=="],

    "math-intrinsics": ["math-intrinsics@1.1.0", "", {}, "sha512-/IXtbwEk5HTPyEwyKX6hGkYXxM9nbj64B+ilVJnC/R6B0pH5G4V3b0pVbL7DBj4tkhBAppbQUlf6F6Xl9LHu1g=="],

    "mime-db": ["mime-db@1.52.0", "", {}, "sha512-sPU4uV7dYlvtWJxwwxHD0PuihVNiE7TyAbQ5SWxDCB9mUYvOgroQOwYQQOKPJ8CIbE+1ETVlOoK1UC2nU3gYvg=="],

    "mime-types": ["mime-types@2.1.35", "", { "dependencies": { "mime-db": "1.52.0" } }, "sha512-ZDY+bPm5zTTF+YpCrAU9nK0UgICYPT0QtT1NZWFv4s++TNkcgVaT0g6+4R2uI4MjQjzysHB1zxuWL50hzaeXiw=="],

    "muggle-string": ["muggle-string@0.4.1", "", {}, "sha512-VNTrAak/KhO2i8dqqnqnAHOa3cYBwXEZe9h+D5h/1ZqFSTEFHdM65lR7RoIqq3tBBYavsOXV84NoHXZ0AkPyqQ=="],

    "nanoid": ["nanoid@3.3.11", "", { "bin": { "nanoid": "bin/nanoid.cjs" } }, "sha512-N8SpfPUnUp1bK+PMYW8qSWdl9U+wwNWI4QKxOYDy9JAro3WMX7p2OeVRF9v+347pnakNevPmiHhNmZ2HbFA76w=="],

    "path-browserify": ["path-browserify@1.0.1", "", {}, "sha512-b7uo2UCUOYZcnF/3ID0lulOJi/bafxa1xPe7ZPsammBSpjSWQkjNxlt635YGS2MiR9GjvuXCtz2emr3jbsz98g=="],

    "picocolors": ["picocolors@1.1.1", "", {}, "sha512-xceH2snhtb5M9liqDsmEw56le376mTZkEX/jEb/RxNFyegNul7eNslCXP9FDj/Lcu0X8KEyMceP2ntpaHrDEVA=="],

    "picomatch": ["picomatch@4.0.3", "", {}, "sha512-5gTmgEY/sqK6gFXLIsQNH19lWb4ebPDLA4SdLP7dsWkIXHWlG66oPuVvXSGFPppYZz8ZDZq0dYYrbHfBCVUb1Q=="],

    "postcss": ["postcss@8.5.6", "", { "dependencies": { "nanoid": "^3.3.11", "picocolors": "^1.1.1", "source-map-js": "^1.2.1" } }, "sha512-3Ybi1tAuwAP9s0r1UQ2J4n5Y0G05bJkpUIO0/bI9MhwmD70S5aTWbXGBwxHrelT+XM1k6dM0pk+SwNkpTRN7Pg=="],

    "proxy-from-env": ["proxy-from-env@1.1.0", "", {}, "sha512-D+zkORCbA9f1tdWRK0RaCR3GPv50cMxcrz4X8k5LTSUD1Dkw47mKJEZQNunItRTkWwgtaUSo1RVFRIG9ZXiFYg=="],

    "rollup": ["rollup@4.52.0", "", { "dependencies": { "@types/estree": "1.0.8" }, "optionalDependencies": { "@rollup/rollup-android-arm-eabi": "4.52.0", "@rollup/rollup-android-arm64": "4.52.0", "@rollup/rollup-darwin-arm64": "4.52.0", "@rollup/rollup-darwin-x64": "4.52.0", "@rollup/rollup-freebsd-arm64": "4.52.0", "@rollup/rollup-freebsd-x64": "4.52.0", "@rollup/rollup-linux-arm-gnueabihf": "4.52.0", "@rollup/rollup-linux-arm-musleabihf": "4.52.0", "@rollup/rollup-linux-arm64-gnu": "4.52.0", "@rollup/rollup-linux-arm64-musl": "4.52.0", "@rollup/rollup-linux-loong64-gnu": "4.52.0", "@rollup/rollup-linux-ppc64-gnu": "4.52.0", "@rollup/rollup-linux-riscv64-gnu": "4.52.0", "@rollup/rollup-linux-riscv64-musl": "4.52.0", "@rollup/rollup-linux-s390x-gnu": "4.52.0", "@rollup/rollup-linux-x64-gnu": "4.52.0", "@rollup/rollup-linux-x64-musl": "4.52.0", "@rollup/rollup-openharmony-arm64": "4.52.0", "@rollup/rollup-win32-arm64-msvc": "4.52.0", "@rollup/rollup-win32-ia32-msvc": "4.52.0", "@rollup/rollup-win32-x64-gnu": "4.52.0", "@rollup/rollup-win32-x64-msvc": "4.52.0", "fsevents": "~2.3.2" }, "bin": { "rollup": "dist/bin/rollup" } }, "sha512-+IuescNkTJQgX7AkIDtITipZdIGcWF0pnVvZTWStiazUmcGA2ag8dfg0urest2XlXUi9kuhfQ+qmdc5Stc3z7g=="],

    "source-map-js": ["source-map-js@1.2.1", "", {}, "sha512-UXWMKhLOwVKb728IUtQPXxfYU+usdybtUrK/8uGE8CQMvrhOpwvzDBwj0QhSL7MQc7vIsISBG8VQ8+IDQxpfQA=="],

    "tinyglobby": ["tinyglobby@0.2.15", "", { "dependencies": { "fdir": "^6.5.0", "picomatch": "^4.0.3" } }, "sha512-j2Zq4NyQYG5XMST4cbs02Ak8iJUdxRM0XI5QyxXuZOzKOINmWurp3smXu3y5wDcJrptwpSjgXHzIQxR0omXljQ=="],

    "typescript": ["typescript@5.8.3", "", { "bin": { "tsc": "bin/tsc", "tsserver": "bin/tsserver" } }, "sha512-p1diW6TqL9L07nNxvRMM7hMMw4c5XOo/1ibL4aAIGmSAt9slTE1Xgw5KWuof2uTOvCg9BY7ZRi+GaF+7sfgPeQ=="],

    "vite": ["vite@7.1.7", "", { "dependencies": { "esbuild": "^0.25.0", "fdir": "^6.5.0", "picomatch": "^4.0.3", "postcss": "^8.5.6", "rollup": "^4.43.0", "tinyglobby": "^0.2.15" }, "optionalDependencies": { "fsevents": "~2.3.3" }, "peerDependencies": { "@types/node": "^20.19.0 || >=22.12.0", "jiti": ">=1.21.0", "less": "^4.0.0", "lightningcss": "^1.21.0", "sass": "^1.70.0", "sass-embedded": "^1.70.0", "stylus": ">=0.54.8", "sugarss": "^5.0.0", "terser": "^5.16.0", "tsx": "^4.8.1", "yaml": "^2.4.2" }, "optionalPeers": ["@types/node", "jiti", "less", "lightningcss", "sass", "sass-embedded", "stylus", "sugarss", "terser", "tsx", "yaml"], "bin": { "vite": "bin/vite.js" } }, "sha512-VbA8ScMvAISJNJVbRDTJdCwqQoAareR/wutevKanhR2/1EkoXVZVkkORaYm/tNVCjP/UDTKtcw3bAkwOUdedmA=="],

    "vscode-uri": ["vscode-uri@3.1.0", "", {}, "sha512-/BpdSx+yCQGnCvecbyXdxHDkuk55/G3xwnC0GqY4gmQ3j+A+g8kzzgB4Nk/SINjqn6+waqw3EgbVF2QKExkRxQ=="],

    "vue": ["vue@3.5.21", "", { "dependencies": { "@vue/compiler-dom": "3.5.21", "@vue/compiler-sfc": "3.5.21", "@vue/runtime-dom": "3.5.21", "@vue/server-renderer": "3.5.21", "@vue/shared": "3.5.21" }, "peerDependencies": { "typescript": "*" }, "optionalPeers": ["typescript"] }, "sha512-xxf9rum9KtOdwdRkiApWL+9hZEMWE90FHh8yS1+KJAiWYh+iGWV1FquPjoO9VUHQ+VIhsCXNNyZ5Sf4++RVZBA=="],

    "vue-tsc": ["vue-tsc@3.0.8", "", { "dependencies": { "@volar/typescript": "2.4.23", "@vue/language-core": "3.0.8" }, "peerDependencies": { "typescript": ">=5.0.0" }, "bin": { "vue-tsc": "./bin/vue-tsc.js" } }, "sha512-H9yg/m6ywykmWS+pIAEs65v2FrVm5uOA0a0dHkX6Sx8dNg1a1m4iudt/6eGa9fAenmNHGlLFN9XpWQb8i5sU1w=="],
  }
}
